{
  "name": "front-end-test",
  "version": "0.1.0",
  "lockfileVersion": 1,
  "requires": true,
  "dependencies": {
    "is-observable": {
      "version": "0.2.0",
      "resolved": "https://registry.npmjs.org/is-observable/-/is-observable-0.2.0.tgz",
      "integrity": "sha1-s2ExHYPG5dcmyr9eJQsCNxBvWuI=",
      "requires": {
        "symbol-observable": "0.2.4"
      }
    },
    "is-promise": {
      "version": "2.1.0",
      "resolved": "https://registry.npmjs.org/is-promise/-/is-promise-2.1.0.tgz",
      "integrity": "sha1-eaKp7OfwlugPNtKy87wWwf9L8/o="
    },
    "js-tokens": {
      "version": "4.0.0",
      "resolved": "https://registry.npmjs.org/js-tokens/-/js-tokens-4.0.0.tgz",
      "integrity": "sha512-RdJUflcE3cUzKiMqQgsCu06FPu9UdIJO0beYbPhHN4k6apgJtifcoCtT9bcxOpYBtpD2kCM6Sbzg4CausW/PKQ=="
    },
    "loose-envify": {
      "version": "1.4.0",
      "resolved": "https://registry.npmjs.org/loose-envify/-/loose-envify-1.4.0.tgz",
      "integrity": "sha512-lyuxPGr/Wfhrlem2CL/UcnUc1zcqKAImBDzukY7Y5F/yQiNdko6+fRLevlw1HgMySw7f611UIY408EtxRSoK3Q==",
      "requires": {
        "js-tokens": "4.0.0"
      }
    },
    "redux-logic": {
      "version": "0.15.0",
      "resolved": "https://registry.npmjs.org/redux-logic/-/redux-logic-0.15.0.tgz",
      "integrity": "sha512-w6gK2zDSSvcNV3WlBVPEMR7NxHCQa8yFO2zoHSNvRNGECEIb98Q+QVvVkwEl6cnIMKgripwPZb1v+vqHDZ7BpQ==",
      "requires": {
        "is-observable": "0.2.0",
        "is-promise": "2.1.0",
        "loose-envify": "1.4.0",
        "rxjs": "5.5.11"
      }
    },
    "rxjs": {
      "version": "5.5.11",
      "resolved": "https://registry.npmjs.org/rxjs/-/rxjs-5.5.11.tgz",
      "integrity": "sha512-3bjO7UwWfA2CV7lmwYMBzj4fQ6Cq+ftHc2MvUe+WMS7wcdJ1LosDWmdjPQanYp2dBRj572p7PeU81JUxHKOcBA==",
      "requires": {
        "symbol-observable": "1.0.1"
      },
      "dependencies": {
        "symbol-observable": {
          "version": "1.0.1",
          "resolved": "https://registry.npmjs.org/symbol-observable/-/symbol-observable-1.0.1.tgz",
          "integrity": "sha1-g0D8RwLDEi310iKI+IKD9RPT/dQ="
        }
      }
    },
    "symbol-observable": {
      "version": "0.2.4",
      "resolved": "https://registry.npmjs.org/symbol-observable/-/symbol-observable-0.2.4.tgz",
      "integrity": "sha1-lag9smGG1q9+ehjb2XYKL4bQj0A="
    }
  }
}
